// !$*UTF8*$!
{
	archiveVersion = 1;
	classes = {
	};
	objectVersion = 56;
	objects = {

/* Begin PBXBuildFile section */
		0419E4F12CAEE06D001D0FF1 /* YouTubeAPIApp.swift in Sources */ = {isa = PBXBuildFile; fileRef = 0419E4F02CAEE06D001D0FF1 /* YouTubeAPIApp.swift */; };
		0419E4F32CAEE06D001D0FF1 /* HomeView.swift in Sources */ = {isa = PBXBuildFile; fileRef = 0419E4F22CAEE06D001D0FF1 /* HomeView.swift */; };
		0419E4F52CAEE06F001D0FF1 /* Assets.xcassets in Resources */ = {isa = PBXBuildFile; fileRef = 0419E4F42CAEE06F001D0FF1 /* Assets.xcassets */; };
		0419E4F82CAEE06F001D0FF1 /* Preview Assets.xcassets in Resources */ = {isa = PBXBuildFile; fileRef = 0419E4F72CAEE06F001D0FF1 /* Preview Assets.xcassets */; };
		0419E5022CAEF04F001D0FF1 /* DataServices.swift in Sources */ = {isa = PBXBuildFile; fileRef = 0419E5012CAEF04F001D0FF1 /* DataServices.swift */; };
		0419E5042CAEF115001D0FF1 /* FeedView.swift in Sources */ = {isa = PBXBuildFile; fileRef = 0419E5032CAEF115001D0FF1 /* FeedView.swift */; };
		0419E5062CAEF12B001D0FF1 /* VideoRowView.swift in Sources */ = {isa = PBXBuildFile; fileRef = 0419E5052CAEF12B001D0FF1 /* VideoRowView.swift */; };
		0419E5082CAEF18E001D0FF1 /* VideoDetailView.swift in Sources */ = {isa = PBXBuildFile; fileRef = 0419E5072CAEF18E001D0FF1 /* VideoDetailView.swift */; };
		0419E50A2CAEF62D001D0FF1 /* Video.swift in Sources */ = {isa = PBXBuildFile; fileRef = 0419E5092CAEF62D001D0FF1 /* Video.swift */; };
		0419E50C2CAEF65E001D0FF1 /* Playlist.swift in Sources */ = {isa = PBXBuildFile; fileRef = 0419E50B2CAEF65E001D0FF1 /* Playlist.swift */; };
		049B63FF2CB2D17000BE2644 /* YouTubePlayerKit in Frameworks */ = {isa = PBXBuildFile; productRef = 049B63FE2CB2D17000BE2644 /* YouTubePlayerKit */; };
/* End PBXBuildFile section */

/* Begin PBXFileReference section */
		0419E4ED2CAEE06D001D0FF1 /* YouTubeAPI.app */ = {isa = PBXFileReference; explicitFileType = wrapper.application; includeInIndex = 0; path = YouTubeAPI.app; sourceTree = BUILT_PRODUCTS_DIR; };
		0419E4F02CAEE06D001D0FF1 /* YouTubeAPIApp.swift */ = {isa = PBXFileReference; lastKnownFileType = sourcecode.swift; path = YouTubeAPIApp.swift; sourceTree = "<group>"; };
		0419E4F22CAEE06D001D0FF1 /* HomeView.swift */ = {isa = PBXFileReference; lastKnownFileType = sourcecode.swift; path = HomeView.swift; sourceTree = "<group>"; };
		0419E4F42CAEE06F001D0FF1 /* Assets.xcassets */ = {isa = PBXFileReference; lastKnownFileType = folder.assetcatalog; path = Assets.xcassets; sourceTree = "<group>"; };
		0419E4F72CAEE06F001D0FF1 /* Preview Assets.xcassets */ = {isa = PBXFileReference; lastKnownFileType = folder.assetcatalog; path = "Preview Assets.xcassets"; sourceTree = "<group>"; };
		0419E5012CAEF04F001D0FF1 /* DataServices.swift */ = {isa = PBXFileReference; lastKnownFileType = sourcecode.swift; path = DataServices.swift; sourceTree = "<group>"; };
		0419E5032CAEF115001D0FF1 /* FeedView.swift */ = {isa = PBXFileReference; lastKnownFileType = sourcecode.swift; path = FeedView.swift; sourceTree = "<group>"; };
		0419E5052CAEF12B001D0FF1 /* VideoRowView.swift */ = {isa = PBXFileReference; lastKnownFileType = sourcecode.swift; path = VideoRowView.swift; sourceTree = "<group>"; };
		0419E5072CAEF18E001D0FF1 /* VideoDetailView.swift */ = {isa = PBXFileReference; lastKnownFileType = sourcecode.swift; path = VideoDetailView.swift; sourceTree = "<group>"; };
		0419E5092CAEF62D001D0FF1 /* Video.swift */ = {isa = PBXFileReference; lastKnownFileType = sourcecode.swift; path = Video.swift; sourceTree = "<group>"; };
		0419E50B2CAEF65E001D0FF1 /* Playlist.swift */ = {isa = PBXFileReference; lastKnownFileType = sourcecode.swift; path = Playlist.swift; sourceTree = "<group>"; };
		0419E50D2CAF18BC001D0FF1 /* Config.xcconfig */ = {isa = PBXFileReference; lastKnownFileType = text.xcconfig; path = Config.xcconfig; sourceTree = "<group>"; };
		0419E50E2CAF1B6F001D0FF1 /* Info.plist */ = {isa = PBXFileReference; lastKnownFileType = text.plist; path = Info.plist; sourceTree = "<group>"; };
/* End PBXFileReference section */

/* Begin PBXFrameworksBuildPhase section */
		0419E4EA2CAEE06D001D0FF1 /* Frameworks */ = {
			isa = PBXFrameworksBuildPhase;
			buildActionMask = 2147483647;
			files = (
				049B63FF2CB2D17000BE2644 /* YouTubePlayerKit in Frameworks */,
			);
			runOnlyForDeploymentPostprocessing = 0;
		};
/* End PBXFrameworksBuildPhase section */

/* Begin PBXGroup section */
		0419E4E42CAEE06D001D0FF1 = {
			isa = PBXGroup;
			children = (
				0419E4EF2CAEE06D001D0FF1 /* YouTubeAPI */,
				0419E4EE2CAEE06D001D0FF1 /* Products */,
			);
			sourceTree = "<group>";
		};
		0419E4EE2CAEE06D001D0FF1 /* Products */ = {
			isa = PBXGroup;
			children = (
				0419E4ED2CAEE06D001D0FF1 /* YouTubeAPI.app */,
			);
			name = Products;
			sourceTree = "<group>";
		};
		0419E4EF2CAEE06D001D0FF1 /* YouTubeAPI */ = {
			isa = PBXGroup;
			children = (
				0419E50E2CAF1B6F001D0FF1 /* Info.plist */,
				0419E4F02CAEE06D001D0FF1 /* YouTubeAPIApp.swift */,
				0419E4FE2CAEEF8C001D0FF1 /* Services */,
				0419E4FF2CAEEF98001D0FF1 /* Views */,
				0419E5002CAEEFBE001D0FF1 /* Models */,
				0419E4F42CAEE06F001D0FF1 /* Assets.xcassets */,
				0419E4F62CAEE06F001D0FF1 /* Preview Content */,
				0419E50D2CAF18BC001D0FF1 /* Config.xcconfig */,
			);
			path = YouTubeAPI;
			sourceTree = "<group>";
		};
		0419E4F62CAEE06F001D0FF1 /* Preview Content */ = {
			isa = PBXGroup;
			children = (
				0419E4F72CAEE06F001D0FF1 /* Preview Assets.xcassets */,
			);
			path = "Preview Content";
			sourceTree = "<group>";
		};
		0419E4FE2CAEEF8C001D0FF1 /* Services */ = {
			isa = PBXGroup;
			children = (
				0419E5012CAEF04F001D0FF1 /* DataServices.swift */,
			);
			path = Services;
			sourceTree = "<group>";
		};
		0419E4FF2CAEEF98001D0FF1 /* Views */ = {
			isa = PBXGroup;
			children = (
				0419E4F22CAEE06D001D0FF1 /* HomeView.swift */,
				0419E5032CAEF115001D0FF1 /* FeedView.swift */,
				0419E5052CAEF12B001D0FF1 /* VideoRowView.swift */,
				0419E5072CAEF18E001D0FF1 /* VideoDetailView.swift */,
			);
			path = Views;
			sourceTree = "<group>";
		};
		0419E5002CAEEFBE001D0FF1 /* Models */ = {
			isa = PBXGroup;
			children = (
				0419E5092CAEF62D001D0FF1 /* Video.swift */,
				0419E50B2CAEF65E001D0FF1 /* Playlist.swift */,
			);
			path = Models;
			sourceTree = "<group>";
		};
/* End PBXGroup section */

/* Begin PBXNativeTarget section */
		0419E4EC2CAEE06D001D0FF1 /* YouTubeAPI */ = {
			isa = PBXNativeTarget;
			buildConfigurationList = 0419E4FB2CAEE06F001D0FF1 /* Build configuration list for PBXNativeTarget "YouTubeAPI" */;
			buildPhases = (
				0419E4E92CAEE06D001D0FF1 /* Sources */,
				0419E4EA2CAEE06D001D0FF1 /* Frameworks */,
				0419E4EB2CAEE06D001D0FF1 /* Resources */,
			);
			buildRules = (
			);
			dependencies = (
			);
			name = YouTubeAPI;
			packageProductDependencies = (
				049B63FE2CB2D17000BE2644 /* YouTubePlayerKit */,
			);
			productName = YouTubeAPI;
			productReference = 0419E4ED2CAEE06D001D0FF1 /* YouTubeAPI.app */;
			productType = "com.apple.product-type.application";
		};
/* End PBXNativeTarget section */

/* Begin PBXProject section */
		0419E4E52CAEE06D001D0FF1 /* Project object */ = {
			isa = PBXProject;
			attributes = {
				BuildIndependentTargetsInParallel = 1;
				LastSwiftUpdateCheck = 1520;
				LastUpgradeCheck = 1520;
				TargetAttributes = {
					0419E4EC2CAEE06D001D0FF1 = {
						CreatedOnToolsVersion = 15.2;
					};
				};
			};
			buildConfigurationList = 0419E4E82CAEE06D001D0FF1 /* Build configuration list for PBXProject "YouTubeAPI" */;
			compatibilityVersion = "Xcode 14.0";
			developmentRegion = en;
			hasScannedForEncodings = 0;
			knownRegions = (
				en,
				Base,
			);
			mainGroup = 0419E4E42CAEE06D001D0FF1;
			packageReferences = (
				049B63FD2CB2D17000BE2644 /* XCRemoteSwiftPackageReference "YouTubePlayerKit" */,
			);
			productRefGroup = 0419E4EE2CAEE06D001D0FF1 /* Products */;
			projectDirPath = "";
			projectRoot = "";
			targets = (
				0419E4EC2CAEE06D001D0FF1 /* YouTubeAPI */,
			);
		};
/* End PBXProject section */

/* Begin PBXResourcesBuildPhase section */
		0419E4EB2CAEE06D001D0FF1 /* Resources */ = {
			isa = PBXResourcesBuildPhase;
			buildActionMask = 2147483647;
			files = (
				0419E4F82CAEE06F001D0FF1 /* Preview Assets.xcassets in Resources */,
				0419E4F52CAEE06F001D0FF1 /* Assets.xcassets in Resources */,
			);
			runOnlyForDeploymentPostprocessing = 0;
		};
/* End PBXResourcesBuildPhase section */

/* Begin PBXSourcesBuildPhase section */
		0419E4E92CAEE06D001D0FF1 /* Sources */ = {
			isa = PBXSourcesBuildPhase;
			buildActionMask = 2147483647;
			files = (
				0419E5042CAEF115001D0FF1 /* FeedView.swift in Sources */,
				0419E5082CAEF18E001D0FF1 /* VideoDetailView.swift in Sources */,
				0419E5062CAEF12B001D0FF1 /* VideoRowView.swift in Sources */,
				0419E50C2CAEF65E001D0FF1 /* Playlist.swift in Sources */,
				0419E5022CAEF04F001D0FF1 /* DataServices.swift in Sources */,
				0419E4F32CAEE06D001D0FF1 /* HomeView.swift in Sources */,
				0419E50A2CAEF62D001D0FF1 /* Video.swift in Sources */,
				0419E4F12CAEE06D001D0FF1 /* YouTubeAPIApp.swift in Sources */,
			);
			runOnlyForDeploymentPostprocessing = 0;
		};
/* End PBXSourcesBuildPhase section */

/* Begin XCBuildConfiguration section */
		0419E4F92CAEE06F001D0FF1 /* Debug */ = {
			isa = XCBuildConfiguration;
			baseConfigurationReference = 0419E50D2CAF18BC001D0FF1 /* Config.xcconfig */;
			buildSettings = {
				ALWAYS_SEARCH_USER_PATHS = NO;
				ASSETCATALOG_COMPILER_GENERATE_SWIFT_ASSET_SYMBOL_EXTENSIONS = YES;
				CLANG_ANALYZER_NONNULL = YES;
				CLANG_ANALYZER_NUMBER_OBJECT_CONVERSION = YES_AGGRESSIVE;
				CLANG_CXX_LANGUAGE_STANDARD = "gnu++20";
				CLANG_ENABLE_MODULES = YES;
				CLANG_ENABLE_OBJC_ARC = YES;
				CLANG_ENABLE_OBJC_WEAK = YES;
				CLANG_WARN_BLOCK_CAPTURE_AUTORELEASING = YES;
				CLANG_WARN_BOOL_CONVERSION = YES;
				CLANG_WARN_COMMA = YES;
				CLANG_WARN_CONSTANT_CONVERSION = YES;
				CLANG_WARN_DEPRECATED_OBJC_IMPLEMENTATIONS = YES;
				CLANG_WARN_DIRECT_OBJC_ISA_USAGE = YES_ERROR;
				CLANG_WARN_DOCUMENTATION_COMMENTS = YES;
				CLANG_WARN_EMPTY_BODY = YES;
				CLANG_WARN_ENUM_CONVERSION = YES;
				CLANG_WARN_INFINITE_RECURSION = YES;
				CLANG_WARN_INT_CONVERSION = YES;
				CLANG_WARN_NON_LITERAL_NULL_CONVERSION = YES;
				CLANG_WARN_OBJC_IMPLICIT_RETAIN_SELF = YES;
				CLANG_WARN_OBJC_LITERAL_CONVERSION = YES;
				CLANG_WARN_OBJC_ROOT_CLASS = YES_ERROR;
				CLANG_WARN_QUOTED_INCLUDE_IN_FRAMEWORK_HEADER = YES;
				CLANG_WARN_RANGE_LOOP_ANALYSIS = YES;
				CLANG_WARN_STRICT_PROTOTYPES = YES;
				CLANG_WARN_SUSPICIOUS_MOVE = YES;
				CLANG_WARN_UNGUARDED_AVAILABILITY = YES_AGGRESSIVE;
				CLANG_WARN_UNREACHABLE_CODE = YES;
				CLANG_WARN__DUPLICATE_METHOD_MATCH = YES;
				COPY_PHASE_STRIP = NO;
				DEBUG_INFORMATION_FORMAT = dwarf;
				ENABLE_STRICT_OBJC_MSGSEND = YES;
				ENABLE_TESTABILITY = YES;
				ENABLE_USER_SCRIPT_SANDBOXING = YES;
				GCC_C_LANGUAGE_STANDARD = gnu17;
				GCC_DYNAMIC_NO_PIC = NO;
				GCC_NO_COMMON_BLOCKS = YES;
				GCC_OPTIMIZATION_LEVEL = 0;
				GCC_PREPROCESSOR_DEFINITIONS = (
					"DEBUG=1",
					"$(inherited)",
				);
				GCC_WARN_64_TO_32_BIT_CONVERSION = YES;
				GCC_WARN_ABOUT_RETURN_TYPE = YES_ERROR;
				GCC_WARN_UNDECLARED_SELECTOR = YES;
				GCC_WARN_UNINITIALIZED_AUTOS = YES_AGGRESSIVE;
				GCC_WARN_UNUSED_FUNCTION = YES;
				GCC_WARN_UNUSED_VARIABLE = YES;
				IPHONEOS_DEPLOYMENT_TARGET = 17.2;
				LOCALIZATION_PREFERS_STRING_CATALOGS = YES;
				MTL_ENABLE_DEBUG_INFO = INCLUDE_SOURCE;
				MTL_FAST_MATH = YES;
				ONLY_ACTIVE_ARCH = YES;
				SDKROOT = iphoneos;
				SWIFT_ACTIVE_COMPILATION_CONDITIONS = "DEBUG $(inherited)";
				SWIFT_OPTIMIZATION_LEVEL = "-Onone";
			};
			name = Debug;
		};
		0419E4FA2CAEE06F001D0FF1 /* Release */ = {
			isa = XCBuildConfiguration;
			baseConfigurationReference = 0419E50D2CAF18BC001D0FF1 /* Config.xcconfig */;
			buildSettings = {
				ALWAYS_SEARCH_USER_PATHS = NO;
				ASSETCATALOG_COMPILER_GENERATE_SWIFT_ASSET_SYMBOL_EXTENSIONS = YES;
				CLANG_ANALYZER_NONNULL = YES;
				CLANG_ANALYZER_NUMBER_OBJECT_CONVERSION = YES_AGGRESSIVE;
				CLANG_CXX_LANGUAGE_STANDARD = "gnu++20";
				CLANG_ENABLE_MODULES = YES;
				CLANG_ENABLE_OBJC_ARC = YES;
				CLANG_ENABLE_OBJC_WEAK = YES;
				CLANG_WARN_BLOCK_CAPTURE_AUTORELEASING = YES;
				CLANG_WARN_BOOL_CONVERSION = YES;
				CLANG_WARN_COMMA = YES;
				CLANG_WARN_CONSTANT_CONVERSION = YES;
				CLANG_WARN_DEPRECATED_OBJC_IMPLEMENTATIONS = YES;
				CLANG_WARN_DIRECT_OBJC_ISA_USAGE = YES_ERROR;
				CLANG_WARN_DOCUMENTATION_COMMENTS = YES;
				CLANG_WARN_EMPTY_BODY = YES;
				CLANG_WARN_ENUM_CONVERSION = YES;
				CLANG_WARN_INFINITE_RECURSION = YES;
				CLANG_WARN_INT_CONVERSION = YES;
				CLANG_WARN_NON_LITERAL_NULL_CONVERSION = YES;
				CLANG_WARN_OBJC_IMPLICIT_RETAIN_SELF = YES;
				CLANG_WARN_OBJC_LITERAL_CONVERSION = YES;
				CLANG_WARN_OBJC_ROOT_CLASS = YES_ERROR;
				CLANG_WARN_QUOTED_INCLUDE_IN_FRAMEWORK_HEADER = YES;
				CLANG_WARN_RANGE_LOOP_ANALYSIS = YES;
				CLANG_WARN_STRICT_PROTOTYPES = YES;
				CLANG_WARN_SUSPICIOUS_MOVE = YES;
				CLANG_WARN_UNGUARDED_AVAILABILITY = YES_AGGRESSIVE;
				CLANG_WARN_UNREACHABLE_CODE = YES;
				CLANG_WARN__DUPLICATE_METHOD_MATCH = YES;
				COPY_PHASE_STRIP = NO;
				DEBUG_INFORMATION_FORMAT = "dwarf-with-dsym";
				ENABLE_NS_ASSERTIONS = NO;
				ENABLE_STRICT_OBJC_MSGSEND = YES;
				ENABLE_USER_SCRIPT_SANDBOXING = YES;
				GCC_C_LANGUAGE_STANDARD = gnu17;
				GCC_NO_COMMON_BLOCKS = YES;
				GCC_WARN_64_TO_32_BIT_CONVERSION = YES;
				GCC_WARN_ABOUT_RETURN_TYPE = YES_ERROR;
				GCC_WARN_UNDECLARED_SELECTOR = YES;
				GCC_WARN_UNINITIALIZED_AUTOS = YES_AGGRESSIVE;
				GCC_WARN_UNUSED_FUNCTION = YES;
				GCC_WARN_UNUSED_VARIABLE = YES;
				IPHONEOS_DEPLOYMENT_TARGET = 17.2;
				LOCALIZATION_PREFERS_STRING_CATALOGS = YES;
				MTL_ENABLE_DEBUG_INFO = NO;
				MTL_FAST_MATH = YES;
				SDKROOT = iphoneos;
				SWIFT_COMPILATION_MODE = wholemodule;
				VALIDATE_PRODUCT = YES;
			};
			name = Release;
		};
		0419E4FC2CAEE06F001D0FF1 /* Debug */ = {
			isa = XCBuildConfiguration;
			buildSettings = {
				ASSETCATALOG_COMPILER_APPICON_NAME = AppIcon;
				ASSETCATALOG_COMPILER_GLOBAL_ACCENT_COLOR_NAME = AccentColor;
				CODE_SIGN_STYLE = Automatic;
				CURRENT_PROJECT_VERSION = 1;
				DEVELOPMENT_ASSET_PATHS = "\"YouTubeAPI/Preview Content\"";
				DEVELOPMENT_TEAM = 44JYKT3G4T;
				ENABLE_PREVIEWS = YES;
				GENERATE_INFOPLIST_FILE = YES;
				INFOPLIST_FILE = YouTubeAPI/Info.plist;
				INFOPLIST_KEY_UIApplicationSceneManifest_Generation = YES;
				INFOPLIST_KEY_UIApplicationSupportsIndirectInputEvents = YES;
				INFOPLIST_KEY_UILaunchScreen_Generation = YES;
				INFOPLIST_KEY_UISupportedInterfaceOrientations_iPad = "UIInterfaceOrientationPortrait UIInterfaceOrientationPortraitUpsideDown UIInterfaceOrientationLandscapeLeft UIInterfaceOrientationLandscapeRight";
				INFOPLIST_KEY_UISupportedInterfaceOrientations_iPhone = "UIInterfaceOrientationPortrait UIInterfaceOrientationLandscapeLeft UIInterfaceOrientationLandscapeRight";
				LD_RUNPATH_SEARCH_PATHS = (
					"$(inherited)",
					"@executable_path/Frameworks",
				);
				MARKETING_VERSION = 1.0;
				PRODUCT_BUNDLE_IDENTIFIER = AIS.YouTubeAPI;
				PRODUCT_NAME = "$(TARGET_NAME)";
				SWIFT_EMIT_LOC_STRINGS = YES;
				SWIFT_VERSION = 5.0;
				TARGETED_DEVICE_FAMILY = "1,2";
			};
			name = Debug;
		};
		0419E4FD2CAEE06F001D0FF1 /* Release */ = {
			isa = XCBuildConfiguration;
			buildSettings = {
				ASSETCATALOG_COMPILER_APPICON_NAME = AppIcon;
				ASSETCATALOG_COMPILER_GLOBAL_ACCENT_COLOR_NAME = AccentColor;
				CODE_SIGN_STYLE = Automatic;
				CURRENT_PROJECT_VERSION = 1;
				DEVELOPMENT_ASSET_PATHS = "\"YouTubeAPI/Preview Content\"";
				DEVELOPMENT_TEAM = 44JYKT3G4T;
				ENABLE_PREVIEWS = YES;
				GENERATE_INFOPLIST_FILE = YES;
				INFOPLIST_FILE = YouTubeAPI/Info.plist;
				INFOPLIST_KEY_UIApplicationSceneManifest_Generation = YES;
				INFOPLIST_KEY_UIApplicationSupportsIndirectInputEvents = YES;
				INFOPLIST_KEY_UILaunchScreen_Generation = YES;
				INFOPLIST_KEY_UISupportedInterfaceOrientations_iPad = "UIInterfaceOrientationPortrait UIInterfaceOrientationPortraitUpsideDown UIInterfaceOrientationLandscapeLeft UIInterfaceOrientationLandscapeRight";
				INFOPLIST_KEY_UISupportedInterfaceOrientations_iPhone = "UIInterfaceOrientationPortrait UIInterfaceOrientationLandscapeLeft UIInterfaceOrientationLandscapeRight";
				LD_RUNPATH_SEARCH_PATHS = (
					"$(inherited)",
					"@executable_path/Frameworks",
				);
				MARKETING_VERSION = 1.0;
				PRODUCT_BUNDLE_IDENTIFIER = AIS.YouTubeAPI;
				PRODUCT_NAME = "$(TARGET_NAME)";
				SWIFT_EMIT_LOC_STRINGS = YES;
				SWIFT_VERSION = 5.0;
				TARGETED_DEVICE_FAMILY = "1,2";
			};
			name = Release;
		};
/* End XCBuildConfiguration section */

/* Begin XCConfigurationList section */
		0419E4E82CAEE06D001D0FF1 /* Build configuration list for PBXProject "YouTubeAPI" */ = {
			isa = XCConfigurationList;
			buildConfigurations = (
				0419E4F92CAEE06F001D0FF1 /* Debug */,
				0419E4FA2CAEE06F001D0FF1 /* Release */,
			);
			defaultConfigurationIsVisible = 0;
			defaultConfigurationName = Release;
		};
		0419E4FB2CAEE06F001D0FF1 /* Build configuration list for PBXNativeTarget "YouTubeAPI" */ = {
			isa = XCConfigurationList;
			buildConfigurations = (
				0419E4FC2CAEE06F001D0FF1 /* Debug */,
				0419E4FD2CAEE06F001D0FF1 /* Release */,
			);
			defaultConfigurationIsVisible = 0;
			defaultConfigurationName = Release;
		};
/* End XCConfigurationList section */

/* Begin XCRemoteSwiftPackageReference section */
		049B63FD2CB2D17000BE2644 /* XCRemoteSwiftPackageReference "YouTubePlayerKit" */ = {
			isa = XCRemoteSwiftPackageReference;
			repositoryURL = "https://github.com/SvenTiigi/YouTubePlayerKit.git";
			requirement = {
				kind = upToNextMajorVersion;
				minimumVersion = 1.9.0;
			};
		};
/* End XCRemoteSwiftPackageReference section */

/* Begin XCSwiftPackageProductDependency section */
		049B63FE2CB2D17000BE2644 /* YouTubePlayerKit */ = {
			isa = XCSwiftPackageProductDependency;
			package = 049B63FD2CB2D17000BE2644 /* XCRemoteSwiftPackageReference "YouTubePlayerKit" */;
			productName = YouTubePlayerKit;
		};
/* End XCSwiftPackageProductDependency section */
	};
	rootObject = 0419E4E52CAEE06D001D0FF1 /* Project object */;
}
